// !$*UTF8*$!
{
	archiveVersion = 1;
	classes = {
	};
	objectVersion = 46;
	objects = {

/* Begin PBXBuildFile section */
		1876BD281E618B290013AB70 /* Launch Screen.storyboard in Resources */ = {isa = PBXBuildFile; fileRef = 1876BD271E618B290013AB70 /* Launch Screen.storyboard */; };
		1876BD2B1E618BC00013AB70 /* ScreenLaunchViewController.m in Sources */ = {isa = PBXBuildFile; fileRef = 1876BD2A1E618BC00013AB70 /* ScreenLaunchViewController.m */; };
		1876BD2E1E618EDB0013AB70 /* AnimationView.m in Sources */ = {isa = PBXBuildFile; fileRef = 1876BD2D1E618EDB0013AB70 /* AnimationView.m */; };
		1876BD311E61FCE50013AB70 /* ViewController.m in Sources */ = {isa = PBXBuildFile; fileRef = 1876BD301E61FCE50013AB70 /* ViewController.m */; };
		6E24D3431E602D1C00E75851 /* main.m in Sources */ = {isa = PBXBuildFile; fileRef = 6E24D3421E602D1C00E75851 /* main.m */; };
		6E24D3461E602D1C00E75851 /* AppDelegate.m in Sources */ = {isa = PBXBuildFile; fileRef = 6E24D3451E602D1C00E75851 /* AppDelegate.m */; };
		6E24D3491E602D1C00E75851 /* KVOViewController.m in Sources */ = {isa = PBXBuildFile; fileRef = 6E24D3481E602D1C00E75851 /* KVOViewController.m */; };
		6E24D34E1E602D1C00E75851 /* Assets.xcassets in Resources */ = {isa = PBXBuildFile; fileRef = 6E24D34D1E602D1C00E75851 /* Assets.xcassets */; };
		6E24D35C1E602D1C00E75851 /* KeyValueObservingAchieveTests.m in Sources */ = {isa = PBXBuildFile; fileRef = 6E24D35B1E602D1C00E75851 /* KeyValueObservingAchieveTests.m */; };
		6E24D3671E602D1C00E75851 /* KeyValueObservingAchieveUITests.m in Sources */ = {isa = PBXBuildFile; fileRef = 6E24D3661E602D1C00E75851 /* KeyValueObservingAchieveUITests.m */; };
		6E24D3761E602D8600E75851 /* NSObject+KVO.m in Sources */ = {isa = PBXBuildFile; fileRef = 6E24D3751E602D8600E75851 /* NSObject+KVO.m */; };
		6E24D3791E60363200E75851 /* TimeModel.m in Sources */ = {isa = PBXBuildFile; fileRef = 6E24D3781E60363200E75851 /* TimeModel.m */; };
		6E24D37C1E60387800E75851 /* TimeTableViewCell.m in Sources */ = {isa = PBXBuildFile; fileRef = 6E24D37B1E60387800E75851 /* TimeTableViewCell.m */; };
		6E39C7351E63D6C300C69692 /* QSPKVOViewController.m in Sources */ = {isa = PBXBuildFile; fileRef = 6E39C7341E63D6C300C69692 /* QSPKVOViewController.m */; };
/* End PBXBuildFile section */

/* Begin PBXContainerItemProxy section */
		6E24D3581E602D1C00E75851 /* PBXContainerItemProxy */ = {
			isa = PBXContainerItemProxy;
			containerPortal = 6E24D3361E602D1C00E75851 /* Project object */;
			proxyType = 1;
			remoteGlobalIDString = 6E24D33D1E602D1C00E75851;
			remoteInfo = KeyValueObservingAchieve;
		};
		6E24D3631E602D1C00E75851 /* PBXContainerItemProxy */ = {
			isa = PBXContainerItemProxy;
			containerPortal = 6E24D3361E602D1C00E75851 /* Project object */;
			proxyType = 1;
			remoteGlobalIDString = 6E24D33D1E602D1C00E75851;
			remoteInfo = KeyValueObservingAchieve;
		};
/* End PBXContainerItemProxy section */

/* Begin PBXFileReference section */
		1876BD271E618B290013AB70 /* Launch Screen.storyboard */ = {isa = PBXFileReference; fileEncoding = 4; lastKnownFileType = file.storyboard; path = "Launch Screen.storyboard"; sourceTree = "<group>"; };
		1876BD291E618BC00013AB70 /* ScreenLaunchViewController.h */ = {isa = PBXFileReference; fileEncoding = 4; lastKnownFileType = sourcecode.c.h; path = ScreenLaunchViewController.h; sourceTree = "<group>"; };
		1876BD2A1E618BC00013AB70 /* ScreenLaunchViewController.m */ = {isa = PBXFileReference; fileEncoding = 4; lastKnownFileType = sourcecode.c.objc; path = ScreenLaunchViewController.m; sourceTree = "<group>"; };
		1876BD2C1E618EDB0013AB70 /* AnimationView.h */ = {isa = PBXFileReference; fileEncoding = 4; lastKnownFileType = sourcecode.c.h; path = AnimationView.h; sourceTree = "<group>"; };
		1876BD2D1E618EDB0013AB70 /* AnimationView.m */ = {isa = PBXFileReference; fileEncoding = 4; lastKnownFileType = sourcecode.c.objc; path = AnimationView.m; sourceTree = "<group>"; };
		1876BD2F1E61FCE50013AB70 /* ViewController.h */ = {isa = PBXFileReference; fileEncoding = 4; lastKnownFileType = sourcecode.c.h; path = ViewController.h; sourceTree = "<group>"; };
		1876BD301E61FCE50013AB70 /* ViewController.m */ = {isa = PBXFileReference; fileEncoding = 4; lastKnownFileType = sourcecode.c.objc; path = ViewController.m; sourceTree = "<group>"; };
		6E24D33E1E602D1C00E75851 /* KeyValueObservingAchieve.app */ = {isa = PBXFileReference; explicitFileType = wrapper.application; includeInIndex = 0; path = KeyValueObservingAchieve.app; sourceTree = BUILT_PRODUCTS_DIR; };
		6E24D3421E602D1C00E75851 /* main.m */ = {isa = PBXFileReference; lastKnownFileType = sourcecode.c.objc; path = main.m; sourceTree = "<group>"; };
		6E24D3441E602D1C00E75851 /* AppDelegate.h */ = {isa = PBXFileReference; lastKnownFileType = sourcecode.c.h; path = AppDelegate.h; sourceTree = "<group>"; };
		6E24D3451E602D1C00E75851 /* AppDelegate.m */ = {isa = PBXFileReference; lastKnownFileType = sourcecode.c.objc; path = AppDelegate.m; sourceTree = "<group>"; };
		6E24D3471E602D1C00E75851 /* KVOViewController.h */ = {isa = PBXFileReference; lastKnownFileType = sourcecode.c.h; path = KVOViewController.h; sourceTree = "<group>"; };
		6E24D3481E602D1C00E75851 /* KVOViewController.m */ = {isa = PBXFileReference; lastKnownFileType = sourcecode.c.objc; path = KVOViewController.m; sourceTree = "<group>"; };
		6E24D34D1E602D1C00E75851 /* Assets.xcassets */ = {isa = PBXFileReference; lastKnownFileType = folder.assetcatalog; path = Assets.xcassets; sourceTree = "<group>"; };
		6E24D3521E602D1C00E75851 /* Info.plist */ = {isa = PBXFileReference; lastKnownFileType = text.plist.xml; path = Info.plist; sourceTree = "<group>"; };
		6E24D3571E602D1C00E75851 /* KeyValueObservingAchieveTests.xctest */ = {isa = PBXFileReference; explicitFileType = wrapper.cfbundle; includeInIndex = 0; path = KeyValueObservingAchieveTests.xctest; sourceTree = BUILT_PRODUCTS_DIR; };
		6E24D35B1E602D1C00E75851 /* KeyValueObservingAchieveTests.m */ = {isa = PBXFileReference; lastKnownFileType = sourcecode.c.objc; path = KeyValueObservingAchieveTests.m; sourceTree = "<group>"; };
		6E24D35D1E602D1C00E75851 /* Info.plist */ = {isa = PBXFileReference; lastKnownFileType = text.plist.xml; path = Info.plist; sourceTree = "<group>"; };
		6E24D3621E602D1C00E75851 /* KeyValueObservingAchieveUITests.xctest */ = {isa = PBXFileReference; explicitFileType = wrapper.cfbundle; includeInIndex = 0; path = KeyValueObservingAchieveUITests.xctest; sourceTree = BUILT_PRODUCTS_DIR; };
		6E24D3661E602D1C00E75851 /* KeyValueObservingAchieveUITests.m */ = {isa = PBXFileReference; lastKnownFileType = sourcecode.c.objc; path = KeyValueObservingAchieveUITests.m; sourceTree = "<group>"; };
		6E24D3681E602D1C00E75851 /* Info.plist */ = {isa = PBXFileReference; lastKnownFileType = text.plist.xml; path = Info.plist; sourceTree = "<group>"; };
		6E24D3741E602D8600E75851 /* NSObject+KVO.h */ = {isa = PBXFileReference; fileEncoding = 4; lastKnownFileType = sourcecode.c.h; path = "NSObject+KVO.h"; sourceTree = "<group>"; };
		6E24D3751E602D8600E75851 /* NSObject+KVO.m */ = {isa = PBXFileReference; fileEncoding = 4; lastKnownFileType = sourcecode.c.objc; path = "NSObject+KVO.m"; sourceTree = "<group>"; };
		6E24D3771E60363200E75851 /* TimeModel.h */ = {isa = PBXFileReference; fileEncoding = 4; lastKnownFileType = sourcecode.c.h; path = TimeModel.h; sourceTree = "<group>"; };
		6E24D3781E60363200E75851 /* TimeModel.m */ = {isa = PBXFileReference; fileEncoding = 4; lastKnownFileType = sourcecode.c.objc; path = TimeModel.m; sourceTree = "<group>"; };
		6E24D37A1E60387800E75851 /* TimeTableViewCell.h */ = {isa = PBXFileReference; fileEncoding = 4; lastKnownFileType = sourcecode.c.h; path = TimeTableViewCell.h; sourceTree = "<group>"; };
		6E24D37B1E60387800E75851 /* TimeTableViewCell.m */ = {isa = PBXFileReference; fileEncoding = 4; lastKnownFileType = sourcecode.c.objc; path = TimeTableViewCell.m; sourceTree = "<group>"; };
		6E39C7331E63D6C300C69692 /* QSPKVOViewController.h */ = {isa = PBXFileReference; fileEncoding = 4; lastKnownFileType = sourcecode.c.h; path = QSPKVOViewController.h; sourceTree = "<group>"; };
		6E39C7341E63D6C300C69692 /* QSPKVOViewController.m */ = {isa = PBXFileReference; fileEncoding = 4; lastKnownFileType = sourcecode.c.objc; path = QSPKVOViewController.m; sourceTree = "<group>"; };
/* End PBXFileReference section */

/* Begin PBXFrameworksBuildPhase section */
		6E24D33B1E602D1C00E75851 /* Frameworks */ = {
			isa = PBXFrameworksBuildPhase;
			buildActionMask = 2147483647;
			files = (
			);
			runOnlyForDeploymentPostprocessing = 0;
		};
		6E24D3541E602D1C00E75851 /* Frameworks */ = {
			isa = PBXFrameworksBuildPhase;
			buildActionMask = 2147483647;
			files = (
			);
			runOnlyForDeploymentPostprocessing = 0;
		};
		6E24D35F1E602D1C00E75851 /* Frameworks */ = {
			isa = PBXFrameworksBuildPhase;
			buildActionMask = 2147483647;
			files = (
			);
			runOnlyForDeploymentPostprocessing = 0;
		};
/* End PBXFrameworksBuildPhase section */

/* Begin PBXGroup section */
		6E24D3351E602D1C00E75851 = {
			isa = PBXGroup;
			children = (
				6E24D3401E602D1C00E75851 /* KeyValueObservingAchieve */,
				6E24D35A1E602D1C00E75851 /* KeyValueObservingAchieveTests */,
				6E24D3651E602D1C00E75851 /* KeyValueObservingAchieveUITests */,
				6E24D33F1E602D1C00E75851 /* Products */,
			);
			sourceTree = "<group>";
		};
		6E24D33F1E602D1C00E75851 /* Products */ = {
			isa = PBXGroup;
			children = (
				6E24D33E1E602D1C00E75851 /* KeyValueObservingAchieve.app */,
				6E24D3571E602D1C00E75851 /* KeyValueObservingAchieveTests.xctest */,
				6E24D3621E602D1C00E75851 /* KeyValueObservingAchieveUITests.xctest */,
			);
			name = Products;
			sourceTree = "<group>";
		};
		6E24D3401E602D1C00E75851 /* KeyValueObservingAchieve */ = {
			isa = PBXGroup;
			children = (
				6E24D3441E602D1C00E75851 /* AppDelegate.h */,
				6E24D3451E602D1C00E75851 /* AppDelegate.m */,
				1876BD2F1E61FCE50013AB70 /* ViewController.h */,
				1876BD301E61FCE50013AB70 /* ViewController.m */,
				6E24D3471E602D1C00E75851 /* KVOViewController.h */,
				6E24D3481E602D1C00E75851 /* KVOViewController.m */,
				6E39C7331E63D6C300C69692 /* QSPKVOViewController.h */,
				6E39C7341E63D6C300C69692 /* QSPKVOViewController.m */,
				6E24D37A1E60387800E75851 /* TimeTableViewCell.h */,
				6E24D37B1E60387800E75851 /* TimeTableViewCell.m */,
				6E24D3771E60363200E75851 /* TimeModel.h */,
				6E24D3781E60363200E75851 /* TimeModel.m */,
				6E24D3741E602D8600E75851 /* NSObject+KVO.h */,
				6E24D3751E602D8600E75851 /* NSObject+KVO.m */,
				6E24D34D1E602D1C00E75851 /* Assets.xcassets */,
				6E24D3521E602D1C00E75851 /* Info.plist */,
				6E24D3411E602D1C00E75851 /* Supporting Files */,
				1876BD271E618B290013AB70 /* Launch Screen.storyboard */,
				1876BD291E618BC00013AB70 /* ScreenLaunchViewController.h */,
				1876BD2A1E618BC00013AB70 /* ScreenLaunchViewController.m */,
				1876BD2C1E618EDB0013AB70 /* AnimationView.h */,
				1876BD2D1E618EDB0013AB70 /* AnimationView.m */,
			);
			path = KeyValueObservingAchieve;
			sourceTree = "<group>";
		};
		6E24D3411E602D1C00E75851 /* Supporting Files */ = {
			isa = PBXGroup;
			children = (
				6E24D3421E602D1C00E75851 /* main.m */,
			);
			name = "Supporting Files";
			sourceTree = "<group>";
		};
		6E24D35A1E602D1C00E75851 /* KeyValueObservingAchieveTests */ = {
			isa = PBXGroup;
			children = (
				6E24D35B1E602D1C00E75851 /* KeyValueObservingAchieveTests.m */,
				6E24D35D1E602D1C00E75851 /* Info.plist */,
			);
			path = KeyValueObservingAchieveTests;
			sourceTree = "<group>";
		};
		6E24D3651E602D1C00E75851 /* KeyValueObservingAchieveUITests */ = {
			isa = PBXGroup;
			children = (
				6E24D3661E602D1C00E75851 /* KeyValueObservingAchieveUITests.m */,
				6E24D3681E602D1C00E75851 /* Info.plist */,
			);
			path = KeyValueObservingAchieveUITests;
			sourceTree = "<group>";
		};
/* End PBXGroup section */

/* Begin PBXNativeTarget section */
		6E24D33D1E602D1C00E75851 /* KeyValueObservingAchieve */ = {
			isa = PBXNativeTarget;
			buildConfigurationList = 6E24D36B1E602D1C00E75851 /* Build configuration list for PBXNativeTarget "KeyValueObservingAchieve" */;
			buildPhases = (
				6E24D33A1E602D1C00E75851 /* Sources */,
				6E24D33B1E602D1C00E75851 /* Frameworks */,
				6E24D33C1E602D1C00E75851 /* Resources */,
			);
			buildRules = (
			);
			dependencies = (
			);
			name = KeyValueObservingAchieve;
			productName = KeyValueObservingAchieve;
			productReference = 6E24D33E1E602D1C00E75851 /* KeyValueObservingAchieve.app */;
			productType = "com.apple.product-type.application";
		};
		6E24D3561E602D1C00E75851 /* KeyValueObservingAchieveTests */ = {
			isa = PBXNativeTarget;
			buildConfigurationList = 6E24D36E1E602D1C00E75851 /* Build configuration list for PBXNativeTarget "KeyValueObservingAchieveTests" */;
			buildPhases = (
				6E24D3531E602D1C00E75851 /* Sources */,
				6E24D3541E602D1C00E75851 /* Frameworks */,
				6E24D3551E602D1C00E75851 /* Resources */,
			);
			buildRules = (
			);
			dependencies = (
				6E24D3591E602D1C00E75851 /* PBXTargetDependency */,
			);
			name = KeyValueObservingAchieveTests;
			productName = KeyValueObservingAchieveTests;
			productReference = 6E24D3571E602D1C00E75851 /* KeyValueObservingAchieveTests.xctest */;
			productType = "com.apple.product-type.bundle.unit-test";
		};
		6E24D3611E602D1C00E75851 /* KeyValueObservingAchieveUITests */ = {
			isa = PBXNativeTarget;
			buildConfigurationList = 6E24D3711E602D1C00E75851 /* Build configuration list for PBXNativeTarget "KeyValueObservingAchieveUITests" */;
			buildPhases = (
				6E24D35E1E602D1C00E75851 /* Sources */,
				6E24D35F1E602D1C00E75851 /* Frameworks */,
				6E24D3601E602D1C00E75851 /* Resources */,
			);
			buildRules = (
			);
			dependencies = (
				6E24D3641E602D1C00E75851 /* PBXTargetDependency */,
			);
			name = KeyValueObservingAchieveUITests;
			productName = KeyValueObservingAchieveUITests;
			productReference = 6E24D3621E602D1C00E75851 /* KeyValueObservingAchieveUITests.xctest */;
			productType = "com.apple.product-type.bundle.ui-testing";
		};
/* End PBXNativeTarget section */

/* Begin PBXProject section */
		6E24D3361E602D1C00E75851 /* Project object */ = {
			isa = PBXProject;
			attributes = {
				LastUpgradeCheck = 0820;
				ORGANIZATIONNAME = PowesunHolding;
				TargetAttributes = {
					6E24D33D1E602D1C00E75851 = {
						CreatedOnToolsVersion = 8.2.1;
						ProvisioningStyle = Automatic;
					};
					6E24D3561E602D1C00E75851 = {
						CreatedOnToolsVersion = 8.2.1;
						ProvisioningStyle = Automatic;
						TestTargetID = 6E24D33D1E602D1C00E75851;
					};
					6E24D3611E602D1C00E75851 = {
						CreatedOnToolsVersion = 8.2.1;
						ProvisioningStyle = Automatic;
						TestTargetID = 6E24D33D1E602D1C00E75851;
					};
				};
			};
			buildConfigurationList = 6E24D3391E602D1C00E75851 /* Build configuration list for PBXProject "KeyValueObservingAchieve" */;
			compatibilityVersion = "Xcode 3.2";
			developmentRegion = English;
			hasScannedForEncodings = 0;
			knownRegions = (
				en,
				Base,
			);
			mainGroup = 6E24D3351E602D1C00E75851;
			productRefGroup = 6E24D33F1E602D1C00E75851 /* Products */;
			projectDirPath = "";
			projectRoot = "";
			targets = (
				6E24D33D1E602D1C00E75851 /* KeyValueObservingAchieve */,
				6E24D3561E602D1C00E75851 /* KeyValueObservingAchieveTests */,
				6E24D3611E602D1C00E75851 /* KeyValueObservingAchieveUITests */,
			);
		};
/* End PBXProject section */

/* Begin PBXResourcesBuildPhase section */
		6E24D33C1E602D1C00E75851 /* Resources */ = {
			isa = PBXResourcesBuildPhase;
			buildActionMask = 2147483647;
			files = (
				1876BD281E618B290013AB70 /* Launch Screen.storyboard in Resources */,
				6E24D34E1E602D1C00E75851 /* Assets.xcassets in Resources */,
			);
			runOnlyForDeploymentPostprocessing = 0;
		};
		6E24D3551E602D1C00E75851 /* Resources */ = {
			isa = PBXResourcesBuildPhase;
			buildActionMask = 2147483647;
			files = (
			);
			runOnlyForDeploymentPostprocessing = 0;
		};
		6E24D3601E602D1C00E75851 /* Resources */ = {
			isa = PBXResourcesBuildPhase;
			buildActionMask = 2147483647;
			files = (
			);
			runOnlyForDeploymentPostprocessing = 0;
		};
/* End PBXResourcesBuildPhase section */

/* Begin PBXSourcesBuildPhase section */
		6E24D33A1E602D1C00E75851 /* Sources */ = {
			isa = PBXSourcesBuildPhase;
			buildActionMask = 2147483647;
			files = (
				1876BD311E61FCE50013AB70 /* ViewController.m in Sources */,
				6E24D3761E602D8600E75851 /* NSObject+KVO.m in Sources */,
				6E39C7351E63D6C300C69692 /* QSPKVOViewController.m in Sources */,
				6E24D3491E602D1C00E75851 /* KVOViewController.m in Sources */,
				6E24D37C1E60387800E75851 /* TimeTableViewCell.m in Sources */,
				6E24D3461E602D1C00E75851 /* AppDelegate.m in Sources */,
				6E24D3791E60363200E75851 /* TimeModel.m in Sources */,
				1876BD2E1E618EDB0013AB70 /* AnimationView.m in Sources */,
				6E24D3431E602D1C00E75851 /* main.m in Sources */,
				1876BD2B1E618BC00013AB70 /* ScreenLaunchViewController.m in Sources */,
			);
			runOnlyForDeploymentPostprocessing = 0;
		};
		6E24D3531E602D1C00E75851 /* Sources */ = {
			isa = PBXSourcesBuildPhase;
			buildActionMask = 2147483647;
			files = (
				6E24D35C1E602D1C00E75851 /* KeyValueObservingAchieveTests.m in Sources */,
			);
			runOnlyForDeploymentPostprocessing = 0;
		};
		6E24D35E1E602D1C00E75851 /* Sources */ = {
			isa = PBXSourcesBuildPhase;
			buildActionMask = 2147483647;
			files = (
				6E24D3671E602D1C00E75851 /* KeyValueObservingAchieveUITests.m in Sources */,
			);
			runOnlyForDeploymentPostprocessing = 0;
		};
/* End PBXSourcesBuildPhase section */

/* Begin PBXTargetDependency section */
		6E24D3591E602D1C00E75851 /* PBXTargetDependency */ = {
			isa = PBXTargetDependency;
			target = 6E24D33D1E602D1C00E75851 /* KeyValueObservingAchieve */;
			targetProxy = 6E24D3581E602D1C00E75851 /* PBXContainerItemProxy */;
		};
		6E24D3641E602D1C00E75851 /* PBXTargetDependency */ = {
			isa = PBXTargetDependency;
			target = 6E24D33D1E602D1C00E75851 /* KeyValueObservingAchieve */;
			targetProxy = 6E24D3631E602D1C00E75851 /* PBXContainerItemProxy */;
		};
/* End PBXTargetDependency section */

/* Begin XCBuildConfiguration section */
		6E24D3691E602D1C00E75851 /* Debug */ = {
			isa = XCBuildConfiguration;
			buildSettings = {
				ALWAYS_SEARCH_USER_PATHS = NO;
				CLANG_ANALYZER_NONNULL = YES;
				CLANG_CXX_LANGUAGE_STANDARD = "gnu++0x";
				CLANG_CXX_LIBRARY = "libc++";
				CLANG_ENABLE_MODULES = YES;
				CLANG_ENABLE_OBJC_ARC = YES;
				CLANG_WARN_BOOL_CONVERSION = YES;
				CLANG_WARN_CONSTANT_CONVERSION = YES;
				CLANG_WARN_DIRECT_OBJC_ISA_USAGE = YES_ERROR;
				CLANG_WARN_DOCUMENTATION_COMMENTS = YES;
				CLANG_WARN_EMPTY_BODY = YES;
				CLANG_WARN_ENUM_CONVERSION = YES;
				CLANG_WARN_INFINITE_RECURSION = YES;
				CLANG_WARN_INT_CONVERSION = YES;
				CLANG_WARN_OBJC_ROOT_CLASS = YES_ERROR;
				CLANG_WARN_SUSPICIOUS_MOVE = YES;
				CLANG_WARN_UNREACHABLE_CODE = YES;
				CLANG_WARN__DUPLICATE_METHOD_MATCH = YES;
				"CODE_SIGN_IDENTITY[sdk=iphoneos*]" = "iPhone Developer";
				COPY_PHASE_STRIP = NO;
				DEBUG_INFORMATION_FORMAT = dwarf;
				ENABLE_STRICT_OBJC_MSGSEND = NO;
				ENABLE_TESTABILITY = YES;
				GCC_C_LANGUAGE_STANDARD = gnu99;
				GCC_DYNAMIC_NO_PIC = NO;
				GCC_NO_COMMON_BLOCKS = YES;
				GCC_OPTIMIZATION_LEVEL = 0;
				GCC_PREPROCESSOR_DEFINITIONS = (
					"DEBUG=1",
					"$(inherited)",
				);
				GCC_WARN_64_TO_32_BIT_CONVERSION = YES;
				GCC_WARN_ABOUT_RETURN_TYPE = YES_ERROR;
				GCC_WARN_UNDECLARED_SELECTOR = YES;
				GCC_WARN_UNINITIALIZED_AUTOS = YES_AGGRESSIVE;
				GCC_WARN_UNUSED_FUNCTION = YES;
				GCC_WARN_UNUSED_VARIABLE = YES;
				IPHONEOS_DEPLOYMENT_TARGET = 10.2;
				MTL_ENABLE_DEBUG_INFO = YES;
				ONLY_ACTIVE_ARCH = YES;
				SDKROOT = iphoneos;
			};
			name = Debug;
		};
		6E24D36A1E602D1C00E75851 /* Release */ = {
			isa = XCBuildConfiguration;
			buildSettings = {
				ALWAYS_SEARCH_USER_PATHS = NO;
				CLANG_ANALYZER_NONNULL = YES;
				CLANG_CXX_LANGUAGE_STANDARD = "gnu++0x";
				CLANG_CXX_LIBRARY = "libc++";
				CLANG_ENABLE_MODULES = YES;
				CLANG_ENABLE_OBJC_ARC = YES;
				CLANG_WARN_BOOL_CONVERSION = YES;
				CLANG_WARN_CONSTANT_CONVERSION = YES;
				CLANG_WARN_DIRECT_OBJC_ISA_USAGE = YES_ERROR;
				CLANG_WARN_DOCUMENTATION_COMMENTS = YES;
				CLANG_WARN_EMPTY_BODY = YES;
				CLANG_WARN_ENUM_CONVERSION = YES;
				CLANG_WARN_INFINITE_RECURSION = YES;
				CLANG_WARN_INT_CONVERSION = YES;
				CLANG_WARN_OBJC_ROOT_CLASS = YES_ERROR;
				CLANG_WARN_SUSPICIOUS_MOVE = YES;
				CLANG_WARN_UNREACHABLE_CODE = YES;
				CLANG_WARN__DUPLICATE_METHOD_MATCH = YES;
				"CODE_SIGN_IDENTITY[sdk=iphoneos*]" = "iPhone Developer";
				COPY_PHASE_STRIP = NO;
				DEBUG_INFORMATION_FORMAT = "dwarf-with-dsym";
				ENABLE_NS_ASSERTIONS = NO;
				ENABLE_STRICT_OBJC_MSGSEND = NO;
				GCC_C_LANGUAGE_STANDARD = gnu99;
				GCC_NO_COMMON_BLOCKS = YES;
				GCC_WARN_64_TO_32_BIT_CONVERSION = YES;
				GCC_WARN_ABOUT_RETURN_TYPE = YES_ERROR;
				GCC_WARN_UNDECLARED_SELECTOR = YES;
				GCC_WARN_UNINITIALIZED_AUTOS = YES_AGGRESSIVE;
				GCC_WARN_UNUSED_FUNCTION = YES;
				GCC_WARN_UNUSED_VARIABLE = YES;
				IPHONEOS_DEPLOYMENT_TARGET = 10.2;
				MTL_ENABLE_DEBUG_INFO = NO;
				SDKROOT = iphoneos;
				VALIDATE_PRODUCT = YES;
			};
			name = Release;
		};
		6E24D36C1E602D1C00E75851 /* Debug */ = {
			isa = XCBuildConfiguration;
			buildSettings = {
				ASSETCATALOG_COMPILER_APPICON_NAME = AppIcon;
				INFOPLIST_FILE = KeyValueObservingAchieve/Info.plist;
				IPHONEOS_DEPLOYMENT_TARGET = 9.2;
				LD_RUNPATH_SEARCH_PATHS = "$(inherited) @executable_path/Frameworks";
				PRODUCT_BUNDLE_IDENTIFIER = com.etongxing.www.KeyValueObservingAchieve;
				PRODUCT_NAME = "$(TARGET_NAME)";
			};
			name = Debug;
		};
		6E24D36D1E602D1C00E75851 /* Release */ = {
			isa = XCBuildConfiguration;
			buildSettings = {
				ASSETCATALOG_COMPILER_APPICON_NAME = AppIcon;
				INFOPLIST_FILE = KeyValueObservingAchieve/Info.plist;
				IPHONEOS_DEPLOYMENT_TARGET = 9.2;
				LD_RUNPATH_SEARCH_PATHS = "$(inherited) @executable_path/Frameworks";
				PRODUCT_BUNDLE_IDENTIFIER = com.etongxing.www.KeyValueObservingAchieve;
				PRODUCT_NAME = "$(TARGET_NAME)";
			};
			name = Release;
		};
		6E24D36F1E602D1C00E75851 /* Debug */ = {
			isa = XCBuildConfiguration;
			buildSettings = {
				BUNDLE_LOADER = "$(TEST_HOST)";
				INFOPLIST_FILE = KeyValueObservingAchieveTests/Info.plist;
				LD_RUNPATH_SEARCH_PATHS = "$(inherited) @executable_path/Frameworks @loader_path/Frameworks";
				PRODUCT_BUNDLE_IDENTIFIER = com.etongxing.www.KeyValueObservingAchieveTests;
				PRODUCT_NAME = "$(TARGET_NAME)";
				TEST_HOST = "$(BUILT_PRODUCTS_DIR)/KeyValueObservingAchieve.app/KeyValueObservingAchieve";
			};
			name = Debug;
		};
		6E24D3701E602D1C00E75851 /* Release */ = {
			isa = XCBuildConfiguration;
			buildSettings = {
				BUNDLE_LOADER = "$(TEST_HOST)";
				INFOPLIST_FILE = KeyValueObservingAchieveTests/Info.plist;
				LD_RUNPATH_SEARCH_PATHS = "$(inherited) @executable_path/Frameworks @loader_path/Frameworks";
				PRODUCT_BUNDLE_IDENTIFIER = com.etongxing.www.KeyValueObservingAchieveTests;
				PRODUCT_NAME = "$(TARGET_NAME)";
				TEST_HOST = "$(BUILT_PRODUCTS_DIR)/KeyValueObservingAchieve.app/KeyValueObservingAchieve";
			};
			name = Release;
		};
		6E24D3721E602D1C00E75851 /* Debug */ = {
			isa = XCBuildConfiguration;
			buildSettings = {
				INFOPLIST_FILE = KeyValueObservingAchieveUITests/Info.plist;
				LD_RUNPATH_SEARCH_PATHS = "$(inherited) @executable_path/Frameworks @loader_path/Frameworks";
				PRODUCT_BUNDLE_IDENTIFIER = com.etongxing.www.KeyValueObservingAchieveUITests;
				PRODUCT_NAME = "$(TARGET_NAME)";
				TEST_TARGET_NAME = KeyValueObservingAchieve;
			};
			name = Debug;
		};
		6E24D3731E602D1C00E75851 /* Release */ = {
			isa = XCBuildConfiguration;
			buildSettings = {
				INFOPLIST_FILE = KeyValueObservingAchieveUITests/Info.plist;
				LD_RUNPATH_SEARCH_PATHS = "$(inherited) @executable_path/Frameworks @loader_path/Frameworks";
				PRODUCT_BUNDLE_IDENTIFIER = com.etongxing.www.KeyValueObservingAchieveUITests;
				PRODUCT_NAME = "$(TARGET_NAME)";
				TEST_TARGET_NAME = KeyValueObservingAchieve;
			};
			name = Release;
		};
/* End XCBuildConfiguration section */

/* Begin XCConfigurationList section */
		6E24D3391E602D1C00E75851 /* Build configuration list for PBXProject "KeyValueObservingAchieve" */ = {
			isa = XCConfigurationList;
			buildConfigurations = (
				6E24D3691E602D1C00E75851 /* Debug */,
				6E24D36A1E602D1C00E75851 /* Release */,
			);
			defaultConfigurationIsVisible = 0;
			defaultConfigurationName = Release;
		};
		6E24D36B1E602D1C00E75851 /* Build configuration list for PBXNativeTarget "KeyValueObservingAchieve" */ = {
			isa = XCConfigurationList;
			buildConfigurations = (
				6E24D36C1E602D1C00E75851 /* Debug */,
				6E24D36D1E602D1C00E75851 /* Release */,
			);
			defaultConfigurationIsVisible = 0;
			defaultConfigurationName = Release;
		};
		6E24D36E1E602D1C00E75851 /* Build configuration list for PBXNativeTarget "KeyValueObservingAchieveTests" */ = {
			isa = XCConfigurationList;
			buildConfigurations = (
				6E24D36F1E602D1C00E75851 /* Debug */,
				6E24D3701E602D1C00E75851 /* Release */,
			);
			defaultConfigurationIsVisible = 0;
			defaultConfigurationName = Release;
		};
		6E24D3711E602D1C00E75851 /* Build configuration list for PBXNativeTarget "KeyValueObservingAchieveUITests" */ = {
			isa = XCConfigurationList;
			buildConfigurations = (
				6E24D3721E602D1C00E75851 /* Debug */,
				6E24D3731E602D1C00E75851 /* Release */,
			);
			defaultConfigurationIsVisible = 0;
			defaultConfigurationName = Release;
		};
/* End XCConfigurationList section */
	};
	rootObject = 6E24D3361E602D1C00E75851 /* Project object */;
}
